
Microsoft Visual Studio Solution File, Format Version 12.00
# Visual Studio Version 17
VisualStudioVersion = 17.5.002.0
MinimumVisualStudioVersion = 10.0.40219.1
Project("{9A19103F-16F7-4668-BE54-9A1E7A4F7556}") = "65030276_Lab04", "65030276_Lab04\65030276_Lab04.csproj", "{1A974AC0-1003-4C7F-BA62-B17F1DAD30BE}"
EndProject
Project("{2150E333-8FDC-42A3-9474-1A3956D46DE8}") = "65030276_Lab04 (1)", "65030276_Lab04", "{2DA11FC0-327F-4FDE-9DDC-24478258DC54}"
EndProject
Project("{9A19103F-16F7-4668-BE54-9A1E7A4F7556}") = "Lab04_Ex01", "65030276_Lab04\Lab04_Ex01\Lab04_Ex01.csproj", "{308ED37E-1F9A-4191-9223-1E1031CFA533}"
EndProject
Global
	GlobalSection(SolutionConfigurationPlatforms) = preSolution
		Debug|Any CPU = Debug|Any CPU
		Release|Any CPU = Release|Any CPU
	EndGlobalSection
	GlobalSection(ProjectConfigurationPlatforms) = postSolution
		{1A974AC0-1003-4C7F-BA62-B17F1DAD30BE}.Debug|Any CPU.ActiveCfg = Debug|Any CPU
		{1A974AC0-1003-4C7F-BA62-B17F1DAD30BE}.Debug|Any CPU.Build.0 = Debug|Any CPU
		{1A974AC0-1003-4C7F-BA62-B17F1DAD30BE}.Release|Any CPU.ActiveCfg = Release|Any CPU
		{1A974AC0-1003-4C7F-BA62-B17F1DAD30BE}.Release|Any CPU.Build.0 = Release|Any CPU
		{308ED37E-1F9A-4191-9223-1E1031CFA533}.Debug|Any CPU.ActiveCfg = Debug|Any CPU
		{308ED37E-1F9A-4191-9223-1E1031CFA533}.Debug|Any CPU.Build.0 = Debug|Any CPU
		{308ED37E-1F9A-4191-9223-1E1031CFA533}.Release|Any CPU.ActiveCfg = Release|Any CPU
		{308ED37E-1F9A-4191-9223-1E1031CFA533}.Release|Any CPU.Build.0 = Release|Any CPU
	EndGlobalSection
	GlobalSection(SolutionProperties) = preSolution
		HideSolutionNode = FALSE
	EndGlobalSection
	GlobalSection(NestedProjects) = preSolution
		{308ED37E-1F9A-4191-9223-1E1031CFA533} = {2DA11FC0-327F-4FDE-9DDC-24478258DC54}
	EndGlobalSection
	GlobalSection(ExtensibilityGlobals) = postSolution
		SolutionGuid = {E2667153-F43B-4F65-A524-39A66C2D6F31}
	EndGlobalSection
EndGlobal
